// !$*UTF8*$!
{
	archiveVersion = 1;
	classes = {
	};
	objectVersion = 50;
	objects = {

/* Begin PBXBuildFile section */
		C7813C432438B62F00A7D0B7 /* AppDelegate.swift in Sources */ = {isa = PBXBuildFile; fileRef = C7813C422438B62F00A7D0B7 /* AppDelegate.swift */; };
		C7813C452438B62F00A7D0B7 /* SceneDelegate.swift in Sources */ = {isa = PBXBuildFile; fileRef = C7813C442438B62F00A7D0B7 /* SceneDelegate.swift */; };
		C7813C472438B62F00A7D0B7 /* ViewController.swift in Sources */ = {isa = PBXBuildFile; fileRef = C7813C462438B62F00A7D0B7 /* ViewController.swift */; };
		C7813C4A2438B62F00A7D0B7 /* Main.storyboard in Resources */ = {isa = PBXBuildFile; fileRef = C7813C482438B62F00A7D0B7 /* Main.storyboard */; };
		C7813C4C2438B63100A7D0B7 /* Assets.xcassets in Resources */ = {isa = PBXBuildFile; fileRef = C7813C4B2438B63100A7D0B7 /* Assets.xcassets */; };
		C7813C4F2438B63100A7D0B7 /* LaunchScreen.storyboard in Resources */ = {isa = PBXBuildFile; fileRef = C7813C4D2438B63100A7D0B7 /* LaunchScreen.storyboard */; };
		C7813C572438B68A00A7D0B7 /* DropDown.swift in Sources */ = {isa = PBXBuildFile; fileRef = C7813C562438B68A00A7D0B7 /* DropDown.swift */; };
/* End PBXBuildFile section */

/* Begin PBXFileReference section */
		C7813C3F2438B62F00A7D0B7 /* tableViewIssue.app */ = {isa = PBXFileReference; explicitFileType = wrapper.application; includeInIndex = 0; path = tableViewIssue.app; sourceTree = BUILT_PRODUCTS_DIR; };
		C7813C422438B62F00A7D0B7 /* AppDelegate.swift */ = {isa = PBXFileReference; lastKnownFileType = sourcecode.swift; path = AppDelegate.swift; sourceTree = "<group>"; };
		C7813C442438B62F00A7D0B7 /* SceneDelegate.swift */ = {isa = PBXFileReference; lastKnownFileType = sourcecode.swift; path = SceneDelegate.swift; sourceTree = "<group>"; };
		C7813C462438B62F00A7D0B7 /* ViewController.swift */ = {isa = PBXFileReference; lastKnownFileType = sourcecode.swift; path = ViewController.swift; sourceTree = "<group>"; };
		C7813C492438B62F00A7D0B7 /* Base */ = {isa = PBXFileReference; lastKnownFileType = file.storyboard; name = Base; path = Base.lproj/Main.storyboard; sourceTree = "<group>"; };
		C7813C4B2438B63100A7D0B7 /* Assets.xcassets */ = {isa = PBXFileReference; lastKnownFileType = folder.assetcatalog; path = Assets.xcassets; sourceTree = "<group>"; };
		C7813C4E2438B63100A7D0B7 /* Base */ = {isa = PBXFileReference; lastKnownFileType = file.storyboard; name = Base; path = Base.lproj/LaunchScreen.storyboard; sourceTree = "<group>"; };
		C7813C502438B63200A7D0B7 /* Info.plist */ = {isa = PBXFileReference; lastKnownFileType = text.plist.xml; path = Info.plist; sourceTree = "<group>"; };
		C7813C562438B68A00A7D0B7 /* DropDown.swift */ = {isa = PBXFileReference; lastKnownFileType = sourcecode.swift; path = DropDown.swift; sourceTree = "<group>"; };
/* End PBXFileReference section */

/* Begin PBXFrameworksBuildPhase section */
		C7813C3C2438B62F00A7D0B7 /* Frameworks */ = {
			isa = PBXFrameworksBuildPhase;
			buildActionMask = 2147483647;
			files = (
			);
			runOnlyForDeploymentPostprocessing = 0;
		};
/* End PBXFrameworksBuildPhase section */

/* Begin PBXGroup section */
		C7813C362438B62F00A7D0B7 = {
			isa = PBXGroup;
			children = (
				C7813C412438B62F00A7D0B7 /* tableViewIssue */,
				C7813C402438B62F00A7D0B7 /* Products */,
			);
			sourceTree = "<group>";
		};
		C7813C402438B62F00A7D0B7 /* Products */ = {
			isa = PBXGroup;
			children = (
				C7813C3F2438B62F00A7D0B7 /* tableViewIssue.app */,
			);
			name = Products;
			sourceTree = "<group>";
		};
		C7813C412438B62F00A7D0B7 /* tableViewIssue */ = {
			isa = PBXGroup;
			children = (
				C7813C422438B62F00A7D0B7 /* AppDelegate.swift */,
				C7813C442438B62F00A7D0B7 /* SceneDelegate.swift */,
				C7813C462438B62F00A7D0B7 /* ViewController.swift */,
				C7813C482438B62F00A7D0B7 /* Main.storyboard */,
				C7813C562438B68A00A7D0B7 /* DropDown.swift */,
				C7813C4B2438B63100A7D0B7 /* Assets.xcassets */,
				C7813C4D2438B63100A7D0B7 /* LaunchScreen.storyboard */,
				C7813C502438B63200A7D0B7 /* Info.plist */,
			);
			path = tableViewIssue;
			sourceTree = "<group>";
		};
/* End PBXGroup section */

/* Begin PBXNativeTarget section */
		C7813C3E2438B62F00A7D0B7 /* tableViewIssue */ = {
			isa = PBXNativeTarget;
			buildConfigurationList = C7813C532438B63200A7D0B7 /* Build configuration list for PBXNativeTarget "tableViewIssue" */;
			buildPhases = (
				C7813C3B2438B62F00A7D0B7 /* Sources */,
				C7813C3C2438B62F00A7D0B7 /* Frameworks */,
				C7813C3D2438B62F00A7D0B7 /* Resources */,
			);
			buildRules = (
			);
			dependencies = (
			);
			name = tableViewIssue;
			productName = tableViewIssue;
			productReference = C7813C3F2438B62F00A7D0B7 /* tableViewIssue.app */;
			productType = "com.apple.product-type.application";
		};
/* End PBXNativeTarget section */

/* Begin PBXProject section */
		C7813C372438B62F00A7D0B7 /* Project object */ = {
			isa = PBXProject;
			attributes = {
				LastSwiftUpdateCheck = 1130;
				LastUpgradeCheck = 1130;
				ORGANIZATIONNAME = hpApps;
				TargetAttributes = {
					C7813C3E2438B62F00A7D0B7 = {
						CreatedOnToolsVersion = 11.3;
					};
				};
			};
			buildConfigurationList = C7813C3A2438B62F00A7D0B7 /* Build configuration list for PBXProject "tableViewIssue" */;
			compatibilityVersion = "Xcode 9.3";
			developmentRegion = en;
			hasScannedForEncodings = 0;
			knownRegions = (
				en,
				Base,
			);
			mainGroup = C7813C362438B62F00A7D0B7;
			productRefGroup = C7813C402438B62F00A7D0B7 /* Products */;
			projectDirPath = "";
			projectRoot = "";
			targets = (
				C7813C3E2438B62F00A7D0B7 /* tableViewIssue */,
			);
		};
/* End PBXProject section */

/* Begin PBXResourcesBuildPhase section */
		C7813C3D2438B62F00A7D0B7 /* Resources */ = {
			isa = PBXResourcesBuildPhase;
			buildActionMask = 2147483647;
			files = (
				C7813C4F2438B63100A7D0B7 /* LaunchScreen.storyboard in Resources */,
				C7813C4C2438B63100A7D0B7 /* Assets.xcassets in Resources */,
				C7813C4A2438B62F00A7D0B7 /* Main.storyboard in Resources */,
			);
			runOnlyForDeploymentPostprocessing = 0;
		};
/* End PBXResourcesBuildPhase section */

/* Begin PBXSourcesBuildPhase section */
		C7813C3B2438B62F00A7D0B7 /* Sources */ = {
			isa = PBXSourcesBuildPhase;
			buildActionMask = 2147483647;
			files = (
				C7813C472438B62F00A7D0B7 /* ViewController.swift in Sources */,
				C7813C432438B62F00A7D0B7 /* AppDelegate.swift in Sources */,
				C7813C572438B68A00A7D0B7 /* DropDown.swift in Sources */,
				C7813C452438B62F00A7D0B7 /* SceneDelegate.swift in Sources */,
			);
			runOnlyForDeploymentPostprocessing = 0;
		};
/* End PBXSourcesBuildPhase section */

/* Begin PBXVariantGroup section */
		C7813C482438B62F00A7D0B7 /* Main.storyboard */ = {
			isa = PBXVariantGroup;
			children = (
				C7813C492438B62F00A7D0B7 /* Base */,
			);
			name = Main.storyboard;
			sourceTree = "<group>";
		};
		C7813C4D2438B63100A7D0B7 /* LaunchScreen.storyboard */ = {
			isa = PBXVariantGroup;
			children = (
				C7813C4E2438B63100A7D0B7 /* Base */,
			);
			name = LaunchScreen.storyboard;
			sourceTree = "<group>";
		};
/* End PBXVariantGroup section */

/* Begin XCBuildConfiguration section */
		C7813C512438B63200A7D0B7 /* Debug */ = {
			isa = XCBuildConfiguration;
			buildSettings = {
				ALWAYS_SEARCH_USER_PATHS = NO;
				CLANG_ANALYZER_NONNULL = YES;
				CLANG_ANALYZER_NUMBER_OBJECT_CONVERSION = YES_AGGRESSIVE;
				CLANG_CXX_LANGUAGE_STANDARD = "gnu++14";
				CLANG_CXX_LIBRARY = "libc++";
				CLANG_ENABLE_MODULES = YES;
				CLANG_ENABLE_OBJC_ARC = YES;
				CLANG_ENABLE_OBJC_WEAK = YES;
				CLANG_WARN_BLOCK_CAPTURE_AUTORELEASING = YES;
				CLANG_WARN_BOOL_CONVERSION = YES;
				CLANG_WARN_COMMA = YES;
				CLANG_WARN_CONSTANT_CONVERSION = YES;
				CLANG_WARN_DEPRECATED_OBJC_IMPLEMENTATIONS = YES;
				CLANG_WARN_DIRECT_OBJC_ISA_USAGE = YES_ERROR;
				CLANG_WARN_DOCUMENTATION_COMMENTS = YES;
				CLANG_WARN_EMPTY_BODY = YES;
				CLANG_WARN_ENUM_CONVERSION = YES;
				CLANG_WARN_INFINITE_RECURSION = YES;
				CLANG_WARN_INT_CONVERSION = YES;
				CLANG_WARN_NON_LITERAL_NULL_CONVERSION = YES;
				CLANG_WARN_OBJC_IMPLICIT_RETAIN_SELF = YES;
				CLANG_WARN_OBJC_LITERAL_CONVERSION = YES;
				CLANG_WARN_OBJC_ROOT_CLASS = YES_ERROR;
				CLANG_WARN_RANGE_LOOP_ANALYSIS = YES;
				CLANG_WARN_STRICT_PROTOTYPES = YES;
				CLANG_WARN_SUSPICIOUS_MOVE = YES;
				CLANG_WARN_UNGUARDED_AVAILABILITY = YES_AGGRESSIVE;
				CLANG_WARN_UNREACHABLE_CODE = YES;
				CLANG_WARN__DUPLICATE_METHOD_MATCH = YES;
				COPY_PHASE_STRIP = NO;
				DEBUG_INFORMATION_FORMAT = dwarf;
				ENABLE_STRICT_OBJC_MSGSEND = YES;
				ENABLE_TESTABILITY = YES;
				GCC_C_LANGUAGE_STANDARD = gnu11;
				GCC_DYNAMIC_NO_PIC = NO;
				GCC_NO_COMMON_BLOCKS = YES;
				GCC_OPTIMIZATION_LEVEL = 0;
				GCC_PREPROCESSOR_DEFINITIONS = (
					"DEBUG=1",
					"$(inherited)",
				);
				GCC_WARN_64_TO_32_BIT_CONVERSION = YES;
				GCC_WARN_ABOUT_RETURN_TYPE = YES_ERROR;
				GCC_WARN_UNDECLARED_SELECTOR = YES;
				GCC_WARN_UNINITIALIZED_AUTOS = YES_AGGRESSIVE;
				GCC_WARN_UNUSED_FUNCTION = YES;
				GCC_WARN_UNUSED_VARIABLE = YES;
				IPHONEOS_DEPLOYMENT_TARGET = 13.2;
				MTL_ENABLE_DEBUG_INFO = INCLUDE_SOURCE;
				MTL_FAST_MATH = YES;
				ONLY_ACTIVE_ARCH = YES;
				SDKROOT = iphoneos;
				SWIFT_ACTIVE_COMPILATION_CONDITIONS = DEBUG;
				SWIFT_OPTIMIZATION_LEVEL = "-Onone";
			};
			name = Debug;
		};
		C7813C522438B63200A7D0B7 /* Release */ = {
			isa = XCBuildConfiguration;
			buildSettings = {
				ALWAYS_SEARCH_USER_PATHS = NO;
				CLANG_ANALYZER_NONNULL = YES;
				CLANG_ANALYZER_NUMBER_OBJECT_CONVERSION = YES_AGGRESSIVE;
				CLANG_CXX_LANGUAGE_STANDARD = "gnu++14";
				CLANG_CXX_LIBRARY = "libc++";
				CLANG_ENABLE_MODULES = YES;
				CLANG_ENABLE_OBJC_ARC = YES;
				CLANG_ENABLE_OBJC_WEAK = YES;
				CLANG_WARN_BLOCK_CAPTURE_AUTORELEASING = YES;
				CLANG_WARN_BOOL_CONVERSION = YES;
				CLANG_WARN_COMMA = YES;
				CLANG_WARN_CONSTANT_CONVERSION = YES;
				CLANG_WARN_DEPRECATED_OBJC_IMPLEMENTATIONS = YES;
				CLANG_WARN_DIRECT_OBJC_ISA_USAGE = YES_ERROR;
				CLANG_WARN_DOCUMENTATION_COMMENTS = YES;
				CLANG_WARN_EMPTY_BODY = YES;
				CLANG_WARN_ENUM_CONVERSION = YES;
				CLANG_WARN_INFINITE_RECURSION = YES;
				CLANG_WARN_INT_CONVERSION = YES;
				CLANG_WARN_NON_LITERAL_NULL_CONVERSION = YES;
				CLANG_WARN_OBJC_IMPLICIT_RETAIN_SELF = YES;
				CLANG_WARN_OBJC_LITERAL_CONVERSION = YES;
				CLANG_WARN_OBJC_ROOT_CLASS = YES_ERROR;
				CLANG_WARN_RANGE_LOOP_ANALYSIS = YES;
				CLANG_WARN_STRICT_PROTOTYPES = YES;
				CLANG_WARN_SUSPICIOUS_MOVE = YES;
				CLANG_WARN_UNGUARDED_AVAILABILITY = YES_AGGRESSIVE;
				CLANG_WARN_UNREACHABLE_CODE = YES;
				CLANG_WARN__DUPLICATE_METHOD_MATCH = YES;
				COPY_PHASE_STRIP = NO;
				DEBUG_INFORMATION_FORMAT = "dwarf-with-dsym";
				ENABLE_NS_ASSERTIONS = NO;
				ENABLE_STRICT_OBJC_MSGSEND = YES;
				GCC_C_LANGUAGE_STANDARD = gnu11;
				GCC_NO_COMMON_BLOCKS = YES;
				GCC_WARN_64_TO_32_BIT_CONVERSION = YES;
				GCC_WARN_ABOUT_RETURN_TYPE = YES_ERROR;
				GCC_WARN_UNDECLARED_SELECTOR = YES;
				GCC_WARN_UNINITIALIZED_AUTOS = YES_AGGRESSIVE;
				GCC_WARN_UNUSED_FUNCTION = YES;
				GCC_WARN_UNUSED_VARIABLE = YES;
				IPHONEOS_DEPLOYMENT_TARGET = 13.2;
				MTL_ENABLE_DEBUG_INFO = NO;
				MTL_FAST_MATH = YES;
				SDKROOT = iphoneos;
				SWIFT_COMPILATION_MODE = wholemodule;
				SWIFT_OPTIMIZATION_LEVEL = "-O";
				VALIDATE_PRODUCT = YES;
			};
			name = Release;
		};
		C7813C542438B63200A7D0B7 /* Debug */ = {
			isa = XCBuildConfiguration;
			buildSettings = {
				ASSETCATALOG_COMPILER_APPICON_NAME = AppIcon;
				CODE_SIGN_STYLE = Automatic;
				DEVELOPMENT_TEAM = 6VUVXT6R6A;
				INFOPLIST_FILE = tableViewIssue/Info.plist;
				LD_RUNPATH_SEARCH_PATHS = (
					"$(inherited)",
					"@executable_path/Frameworks",
				);
				PRODUCT_BUNDLE_IDENTIFIER = hpApps.tableViewIssue;
				PRODUCT_NAME = "$(TARGET_NAME)";
				SWIFT_VERSION = 5.0;
				TARGETED_DEVICE_FAMILY = "1,2";
			};
			name = Debug;
		};
		C7813C552438B63200A7D0B7 /* Release */ = {
			isa = XCBuildConfiguration;
			buildSettings = {
				ASSETCATALOG_COMPILER_APPICON_NAME = AppIcon;
				CODE_SIGN_STYLE = Automatic;
				DEVELOPMENT_TEAM = 6VUVXT6R6A;
				INFOPLIST_FILE = tableViewIssue/Info.plist;
				LD_RUNPATH_SEARCH_PATHS = (
					"$(inherited)",
					"@executable_path/Frameworks",
				);
				PRODUCT_BUNDLE_IDENTIFIER = hpApps.tableViewIssue;
				PRODUCT_NAME = "$(TARGET_NAME)";
				SWIFT_VERSION = 5.0;
				TARGETED_DEVICE_FAMILY = "1,2";
			};
			name = Release;
		};
/* End XCBuildConfiguration section */

/* Begin XCConfigurationList section */
		C7813C3A2438B62F00A7D0B7 /* Build configuration list for PBXProject "tableViewIssue" */ = {
			isa = XCConfigurationList;
			buildConfigurations = (
				C7813C512438B63200A7D0B7 /* Debug */,
				C7813C522438B63200A7D0B7 /* Release */,
			);
			defaultConfigurationIsVisible = 0;
			defaultConfigurationName = Release;
		};
		C7813C532438B63200A7D0B7 /* Build configuration list for PBXNativeTarget "tableViewIssue" */ = {
			isa = XCConfigurationList;
			buildConfigurations = (
				C7813C542438B63200A7D0B7 /* Debug */,
				C7813C552438B63200A7D0B7 /* Release */,
			);
			defaultConfigurationIsVisible = 0;
			defaultConfigurationName = Release;
		};
/* End XCConfigurationList section */
	};
	rootObject = C7813C372438B62F00A7D0B7 /* Project object */;
}
